
Microsoft Visual Studio Solution File, Format Version 12.00
# Visual Studio Version 17
VisualStudioVersion = 17.10.34928.147
MinimumVisualStudioVersion = 10.0.40219.1
Project("{9A19103F-16F7-4668-BE54-9A1E7A4F7556}") = "BloodDonationBackend", "BloodDonationBackend.csproj", "{C9EAEF3D-5263-4D58-816F-FB5169810483}"
EndProject
Project("{FAE04EC0-301F-11D3-BF4B-00C04F79EFBC}") = "BloodDonationBackendTest", "..\BloodDonationBackendTest\BloodDonationBackendTest.csproj", "{BDF78C2E-5AFC-463C-91A1-A4CC630F210A}"
EndProject
Global
	GlobalSection(SolutionConfigurationPlatforms) = preSolution
		Debug|Any CPU = Debug|Any CPU
		Release|Any CPU = Release|Any CPU
	EndGlobalSection
	GlobalSection(ProjectConfigurationPlatforms) = postSolution
		{C9EAEF3D-5263-4D58-816F-FB5169810483}.Debug|Any CPU.ActiveCfg = Debug|Any CPU
		{C9EAEF3D-5263-4D58-816F-FB5169810483}.Debug|Any CPU.Build.0 = Debug|Any CPU
		{C9EAEF3D-5263-4D58-816F-FB5169810483}.Release|Any CPU.ActiveCfg = Release|Any CPU
		{C9EAEF3D-5263-4D58-816F-FB5169810483}.Release|Any CPU.Build.0 = Release|Any CPU
		{BDF78C2E-5AFC-463C-91A1-A4CC630F210A}.Debug|Any CPU.ActiveCfg = Debug|Any CPU
		{BDF78C2E-5AFC-463C-91A1-A4CC630F210A}.Debug|Any CPU.Build.0 = Debug|Any CPU
		{BDF78C2E-5AFC-463C-91A1-A4CC630F210A}.Release|Any CPU.ActiveCfg = Release|Any CPU
		{BDF78C2E-5AFC-463C-91A1-A4CC630F210A}.Release|Any CPU.Build.0 = Release|Any CPU
	EndGlobalSection
	GlobalSection(SolutionProperties) = preSolution
		HideSolutionNode = FALSE
	EndGlobalSection
	GlobalSection(ExtensibilityGlobals) = postSolution
		SolutionGuid = {5597DC92-0140-4C07-8BCE-4679AC923801}
	EndGlobalSection
EndGlobal
